
Microsoft Visual Studio Solution File, Format Version 12.00
# Visual Studio 15
VisualStudioVersion = 15.0.27428.2027
MinimumVisualStudioVersion = 10.0.40219.1
Project("{FAE04EC0-301F-11D3-BF4B-00C04F79EFBC}") = "Songify Slim", "Songify Slim\Songify Slim.csproj", "{79210295-B0CC-46F4-B77A-26C7D27F4754}"
EndProject
Global
	GlobalSection(SolutionConfigurationPlatforms) = preSolution
		Debug|Any CPU = Debug|Any CPU
		Release|Any CPU = Release|Any CPU
	EndGlobalSection
	GlobalSection(ProjectConfigurationPlatforms) = postSolution
		{79210295-B0CC-46F4-B77A-26C7D27F4754}.Debug|Any CPU.ActiveCfg = Debug|Any CPU
		{79210295-B0CC-46F4-B77A-26C7D27F4754}.Debug|Any CPU.Build.0 = Debug|Any CPU
		{79210295-B0CC-46F4-B77A-26C7D27F4754}.Release|Any CPU.ActiveCfg = Release|Any CPU
		{79210295-B0CC-46F4-B77A-26C7D27F4754}.Release|Any CPU.Build.0 = Release|Any CPU
	EndGlobalSection
	GlobalSection(SolutionProperties) = preSolution
		HideSolutionNode = FALSE
	EndGlobalSection
	GlobalSection(ExtensibilityGlobals) = postSolution
		SolutionGuid = {12169756-2254-4CD3-86A9-6FCF593762EC}
	EndGlobalSection
EndGlobal
